
Microsoft Visual Studio Solution File, Format Version 12.00
# Visual Studio Version 17
VisualStudioVersion = 17.13.35931.197
MinimumVisualStudioVersion = 10.0.40219.1
Project("{FAE04EC0-301F-11D3-BF4B-00C04F79EFBC}") = "ToDoTask", "ToDoTask\ToDoTask.csproj", "{FF048EA5-D74C-4FE1-8E4C-33B35D1D3E95}"
EndProject
Project("{FAE04EC0-301F-11D3-BF4B-00C04F79EFBC}") = "ToDoTask.Domain", "ToDoTask.Domain\ToDoTask.Domain.csproj", "{07A559C6-5D9A-47D7-B2B8-93AAF29B64A9}"
EndProject
Project("{FAE04EC0-301F-11D3-BF4B-00C04F79EFBC}") = "ToDoTask.DataAccess", "ToDoTask.DataAccess\ToDoTask.DataAccess.csproj", "{01F1AA4F-6E1E-4390-ADF2-03A47ABC826E}"
EndProject
Project("{FAE04EC0-301F-11D3-BF4B-00C04F79EFBC}") = "ToDoTask.Application", "ToDoTask.Application\ToDoTask.Application.csproj", "{78634056-A700-4FBE-831F-BE5A92CDC9B8}"
EndProject
Global
	GlobalSection(SolutionConfigurationPlatforms) = preSolution
		Debug|Any CPU = Debug|Any CPU
		Release|Any CPU = Release|Any CPU
	EndGlobalSection
	GlobalSection(ProjectConfigurationPlatforms) = postSolution
		{FF048EA5-D74C-4FE1-8E4C-33B35D1D3E95}.Debug|Any CPU.ActiveCfg = Debug|Any CPU
		{FF048EA5-D74C-4FE1-8E4C-33B35D1D3E95}.Debug|Any CPU.Build.0 = Debug|Any CPU
		{FF048EA5-D74C-4FE1-8E4C-33B35D1D3E95}.Release|Any CPU.ActiveCfg = Release|Any CPU
		{FF048EA5-D74C-4FE1-8E4C-33B35D1D3E95}.Release|Any CPU.Build.0 = Release|Any CPU
		{07A559C6-5D9A-47D7-B2B8-93AAF29B64A9}.Debug|Any CPU.ActiveCfg = Debug|Any CPU
		{07A559C6-5D9A-47D7-B2B8-93AAF29B64A9}.Debug|Any CPU.Build.0 = Debug|Any CPU
		{07A559C6-5D9A-47D7-B2B8-93AAF29B64A9}.Release|Any CPU.ActiveCfg = Release|Any CPU
		{07A559C6-5D9A-47D7-B2B8-93AAF29B64A9}.Release|Any CPU.Build.0 = Release|Any CPU
		{01F1AA4F-6E1E-4390-ADF2-03A47ABC826E}.Debug|Any CPU.ActiveCfg = Debug|Any CPU
		{01F1AA4F-6E1E-4390-ADF2-03A47ABC826E}.Debug|Any CPU.Build.0 = Debug|Any CPU
		{01F1AA4F-6E1E-4390-ADF2-03A47ABC826E}.Release|Any CPU.ActiveCfg = Release|Any CPU
		{01F1AA4F-6E1E-4390-ADF2-03A47ABC826E}.Release|Any CPU.Build.0 = Release|Any CPU
		{78634056-A700-4FBE-831F-BE5A92CDC9B8}.Debug|Any CPU.ActiveCfg = Debug|Any CPU
		{78634056-A700-4FBE-831F-BE5A92CDC9B8}.Debug|Any CPU.Build.0 = Debug|Any CPU
		{78634056-A700-4FBE-831F-BE5A92CDC9B8}.Release|Any CPU.ActiveCfg = Release|Any CPU
		{78634056-A700-4FBE-831F-BE5A92CDC9B8}.Release|Any CPU.Build.0 = Release|Any CPU
	EndGlobalSection
	GlobalSection(SolutionProperties) = preSolution
		HideSolutionNode = FALSE
	EndGlobalSection
	GlobalSection(ExtensibilityGlobals) = postSolution
		SolutionGuid = {C45DA7B7-B1D2-46CE-A03C-EED02601BDE2}
	EndGlobalSection
EndGlobal
